
Microsoft Visual Studio Solution File, Format Version 12.00
# Visual Studio Version 17
VisualStudioVersion = 17.7.34202.233
MinimumVisualStudioVersion = 10.0.40219.1
Project("{FAE04EC0-301F-11D3-BF4B-00C04F79EFBC}") = "MinhaPrimeiraLambda", "src\MinhaPrimeiraLambda\MinhaPrimeiraLambda.csproj", "{69E005E4-516B-434B-8D55-AE7217436C33}"
EndProject
Global
	GlobalSection(SolutionConfigurationPlatforms) = preSolution
		Debug|Any CPU = Debug|Any CPU
		Release|Any CPU = Release|Any CPU
	EndGlobalSection
	GlobalSection(ProjectConfigurationPlatforms) = postSolution
		{69E005E4-516B-434B-8D55-AE7217436C33}.Debug|Any CPU.ActiveCfg = Debug|Any CPU
		{69E005E4-516B-434B-8D55-AE7217436C33}.Debug|Any CPU.Build.0 = Debug|Any CPU
		{69E005E4-516B-434B-8D55-AE7217436C33}.Release|Any CPU.ActiveCfg = Release|Any CPU
		{69E005E4-516B-434B-8D55-AE7217436C33}.Release|Any CPU.Build.0 = Release|Any CPU
	EndGlobalSection
	GlobalSection(SolutionProperties) = preSolution
		HideSolutionNode = FALSE
	EndGlobalSection
	GlobalSection(ExtensibilityGlobals) = postSolution
		SolutionGuid = {C1D3F36C-9E29-458A-9DEC-97B5717C5C09}
	EndGlobalSection
EndGlobal
